
Microsoft Visual Studio Solution File, Format Version 12.00
# Visual Studio Version 18
VisualStudioVersion = 18.6.11806.211 stable
MinimumVisualStudioVersion = 10.0.40219.1
Project("{FAE04EC0-301F-11D3-BF4B-00C04F79EFBC}") = "Autoservice", "Autoservice\Autoservice.csproj", "{5E66240A-6BA3-4F99-B5DE-A4D0AB019CAC}"
EndProject
Global
	GlobalSection(SolutionConfigurationPlatforms) = preSolution
		Debug|Any CPU = Debug|Any CPU
		Release|Any CPU = Release|Any CPU
	EndGlobalSection
	GlobalSection(ProjectConfigurationPlatforms) = postSolution
		{5E66240A-6BA3-4F99-B5DE-A4D0AB019CAC}.Debug|Any CPU.ActiveCfg = Debug|Any CPU
		{5E66240A-6BA3-4F99-B5DE-A4D0AB019CAC}.Debug|Any CPU.Build.0 = Debug|Any CPU
		{5E66240A-6BA3-4F99-B5DE-A4D0AB019CAC}.Release|Any CPU.ActiveCfg = Release|Any CPU
		{5E66240A-6BA3-4F99-B5DE-A4D0AB019CAC}.Release|Any CPU.Build.0 = Release|Any CPU
	EndGlobalSection
	GlobalSection(SolutionProperties) = preSolution
		HideSolutionNode = FALSE
	EndGlobalSection
	GlobalSection(ExtensibilityGlobals) = postSolution
		SolutionGuid = {9563CB6E-5B8D-4679-B607-C492721A1B29}
	EndGlobalSection
EndGlobal
